
Microsoft Visual Studio Solution File, Format Version 10.00
# Visual Studio 2008
Project("{FAE04EC0-301F-11D3-BF4B-00C04F79EFBC}") = "MovieDB", "MovieDB\MovieDB.csproj", "{D9A303BB-8988-479B-85AB-152A6A630157}"
EndProject
Project("{FAE04EC0-301F-11D3-BF4B-00C04F79EFBC}") = "MovieDB.Tests", "MovieDB.Tests\MovieDB.Tests.csproj", "{8EE48A78-AE99-4D33-9B19-FF726AB656CE}"
EndProject
Global
	GlobalSection(SolutionConfigurationPlatforms) = preSolution
		Debug|Any CPU = Debug|Any CPU
		Release|Any CPU = Release|Any CPU
	EndGlobalSection
	GlobalSection(ProjectConfigurationPlatforms) = postSolution
		{D9A303BB-8988-479B-85AB-152A6A630157}.Debug|Any CPU.ActiveCfg = Debug|Any CPU
		{D9A303BB-8988-479B-85AB-152A6A630157}.Debug|Any CPU.Build.0 = Debug|Any CPU
		{D9A303BB-8988-479B-85AB-152A6A630157}.Release|Any CPU.ActiveCfg = Release|Any CPU
		{D9A303BB-8988-479B-85AB-152A6A630157}.Release|Any CPU.Build.0 = Release|Any CPU
		{8EE48A78-AE99-4D33-9B19-FF726AB656CE}.Debug|Any CPU.ActiveCfg = Debug|Any CPU
		{8EE48A78-AE99-4D33-9B19-FF726AB656CE}.Debug|Any CPU.Build.0 = Debug|Any CPU
		{8EE48A78-AE99-4D33-9B19-FF726AB656CE}.Release|Any CPU.ActiveCfg = Release|Any CPU
		{8EE48A78-AE99-4D33-9B19-FF726AB656CE}.Release|Any CPU.Build.0 = Release|Any CPU
	EndGlobalSection
	GlobalSection(SolutionProperties) = preSolution
		HideSolutionNode = FALSE
	EndGlobalSection
EndGlobal
